
Microsoft Visual Studio Solution File, Format Version 12.00
# Visual Studio Version 16
VisualStudioVersion = 16.0.31605.320
MinimumVisualStudioVersion = 10.0.40219.1
Project("{FAE04EC0-301F-11D3-BF4B-00C04F79EFBC}") = "PickRandomCards", "PickRandomCards\PickRandomCards.csproj", "{6C727678-08B7-4E85-892C-E62741D4751C}"
EndProject
Global
	GlobalSection(SolutionConfigurationPlatforms) = preSolution
		Debug|Any CPU = Debug|Any CPU
		Release|Any CPU = Release|Any CPU
	EndGlobalSection
	GlobalSection(ProjectConfigurationPlatforms) = postSolution
		{6C727678-08B7-4E85-892C-E62741D4751C}.Debug|Any CPU.ActiveCfg = Debug|Any CPU
		{6C727678-08B7-4E85-892C-E62741D4751C}.Debug|Any CPU.Build.0 = Debug|Any CPU
		{6C727678-08B7-4E85-892C-E62741D4751C}.Release|Any CPU.ActiveCfg = Release|Any CPU
		{6C727678-08B7-4E85-892C-E62741D4751C}.Release|Any CPU.Build.0 = Release|Any CPU
	EndGlobalSection
	GlobalSection(SolutionProperties) = preSolution
		HideSolutionNode = FALSE
	EndGlobalSection
	GlobalSection(ExtensibilityGlobals) = postSolution
		SolutionGuid = {82F670D6-27EF-4891-81CC-2227A80B237B}
	EndGlobalSection
EndGlobal
